<Solution>
  <Folder Name="/Samples/">
    <File Path="Samples/README.md" />
    <Project Path="Samples/ClientSample/ClientSample.csproj">
      <BuildDependency Project="MSSP.Client/MSSP.Client.csproj" />
    </Project>
    <Project Path="Samples/ClusterSample/ClusterSample.csproj">
      <BuildDependency Project="MSSP.Cluster/MSSP.Cluster.csproj" />
      <BuildDependency Project="MSSP.Engine/MSSP.Engine.csproj" />
      <BuildDependency Project="MSSP.Server/MSSP.Server.csproj" />
    </Project>
    <Project Path="Samples/EmbeddedSample/EmbeddedSample.csproj">
      <BuildDependency Project="MSSP.Engine/MSSP.Engine.csproj" />
    </Project>
    <Project Path="Samples/ServerSample/ServerSample.csproj" />
  </Folder>
  <Folder Name="/Solution Items/">
    <File Path="../.editorconfig" />
    <File Path="../.github/workflows/ci.yml" />
    <File Path="../.github/workflows/publish.yml" />
    <File Path="Directory.Build.props" />
  </Folder>
  <Folder Name="/Engine/">
    <Project Path="MSSP.Engine/MSSP.Engine.csproj" />
  </Folder>
  <Folder Name="/Network/">
    <Project Path="MSSP.Client/MSSP.Client.csproj" />
    <Project Path="MSSP.Grpc/MSSP.Grpc.csproj" />
    <Project Path="MSSP.Server/MSSP.Server.csproj" />
  </Folder>
  <Folder Name="/Cluster/">
    <Project Path="MSSP.Cluster/MSSP.Cluster.csproj" />
    <Project Path="MSSP.Raft/MSSP.Raft.csproj" />
  </Folder>
  <Folder Name="/Tests/">
    <Project Path="MSSP.Tests/MSSP.Tests.csproj" />
  </Folder>
  <Project Path="MSSP/MSSP.csproj" />
</Solution>
